
Microsoft Visual Studio Solution File, Format Version 12.00
# Visual Studio 15
VisualStudioVersion = 15.0.28307.1401
MinimumVisualStudioVersion = 10.0.40219.1
Project("{FAE04EC0-301F-11D3-BF4B-00C04F79EFBC}") = "Kanban", "Kanban\Kanban.csproj", "{4C918E8C-5013-42E2-89A4-127D91D59057}"
EndProject
Global
	GlobalSection(SolutionConfigurationPlatforms) = preSolution
		Debug|Any CPU = Debug|Any CPU
		Release|Any CPU = Release|Any CPU
	EndGlobalSection
	GlobalSection(ProjectConfigurationPlatforms) = postSolution
		{4C918E8C-5013-42E2-89A4-127D91D59057}.Debug|Any CPU.ActiveCfg = Debug|Any CPU
		{4C918E8C-5013-42E2-89A4-127D91D59057}.Debug|Any CPU.Build.0 = Debug|Any CPU
		{4C918E8C-5013-42E2-89A4-127D91D59057}.Release|Any CPU.ActiveCfg = Release|Any CPU
		{4C918E8C-5013-42E2-89A4-127D91D59057}.Release|Any CPU.Build.0 = Release|Any CPU
	EndGlobalSection
	GlobalSection(SolutionProperties) = preSolution
		HideSolutionNode = FALSE
	EndGlobalSection
	GlobalSection(ExtensibilityGlobals) = postSolution
		SolutionGuid = {763D35BE-48B2-4F46-8DEF-FC3859D143D2}
	EndGlobalSection
EndGlobal
